
Microsoft Visual Studio Solution File, Format Version 12.00
# Visual Studio Version 16
VisualStudioVersion = 16.0.32929.386
MinimumVisualStudioVersion = 10.0.40219.1
Project("{FAE04EC0-301F-11D3-BF4B-00C04F79EFBC}") = "myService", "myService\myService.csproj", "{08577B21-1F84-4966-B0CA-8FEAEF346443}"
EndProject
Global
	GlobalSection(SolutionConfigurationPlatforms) = preSolution
		Debug|Any CPU = Debug|Any CPU
		Release|Any CPU = Release|Any CPU
	EndGlobalSection
	GlobalSection(ProjectConfigurationPlatforms) = postSolution
		{08577B21-1F84-4966-B0CA-8FEAEF346443}.Debug|Any CPU.ActiveCfg = Debug|Any CPU
		{08577B21-1F84-4966-B0CA-8FEAEF346443}.Debug|Any CPU.Build.0 = Debug|Any CPU
		{08577B21-1F84-4966-B0CA-8FEAEF346443}.Release|Any CPU.ActiveCfg = Release|Any CPU
		{08577B21-1F84-4966-B0CA-8FEAEF346443}.Release|Any CPU.Build.0 = Release|Any CPU
	EndGlobalSection
	GlobalSection(SolutionProperties) = preSolution
		HideSolutionNode = FALSE
	EndGlobalSection
	GlobalSection(ExtensibilityGlobals) = postSolution
		SolutionGuid = {78DFD37A-BC08-4DD3-9CBF-BB599FB00579}
	EndGlobalSection
EndGlobal
